memo = "682aa21f843a152100a578c3147d887b19643a42ea41304e5b0be3c58cbd2407"

[[projects]]
  name = "github.com/coreos/go-systemd"
  packages = ["daemon"]
  revision = "d2196463941895ee908e13531a23a39feb9e1243"
  version = "v15"

[[projects]]
  branch = "master"
  name = "github.com/krasi-georgiev/rpiGpio"
  packages = ["."]
  revision = "8e0131a3e21054e6c8f4ef2b5ed81c0d132c84a2"

[[projects]]
  name = "github.com/urfave/cli"
  packages = ["."]
  revision = "0bdeddeeb0f650497d603c4ad7b20cfe685682f6"
  version = "v1.19.1"
