memo = "82343e946c063fa6ba93c7ff24d00f3fc8e896e19c9eb4cf45b5a8960f9ed327"

[[projects]]
  name = "github.com/coreos/go-systemd"
  packages = ["daemon"]
  revision = "48702e0da86bd25e76cfef347e2adeb434a0d0a6"
  version = "v14"

[[projects]]
  name = "github.com/urfave/cli"
  packages = ["."]
  revision = "0bdeddeeb0f650497d603c4ad7b20cfe685682f6"
  version = "v1.19.1"
